{
  "name": "parkadoo",
  "version": "1.0.0",
  "lockfileVersion": 1,
  "requires": true,
  "dependencies": {
    "dompurify": {
      "version": "2.0.6",
      "resolved": "https://registry.npmjs.org/dompurify/-/dompurify-2.0.6.tgz",
      "integrity": "sha512-1+AOpCYIKoLER/Ykd/Q/i11slhYy6T29/mmDrTsALH0JcMPB0pt9++8eDTGT70tv6ofmmeptrdqzZpmjMfFLRg=="
    }
  }
}
